
Microsoft Visual Studio Solution File, Format Version 12.00
# Visual Studio Version 17
VisualStudioVersion = 17.14.36623.8 d17.14
MinimumVisualStudioVersion = 10.0.40219.1
Project("{FAE04EC0-301F-11D3-BF4B-00C04F79EFBC}") = "Daf", "Daf\Daf.csproj", "{AF090C6F-F42F-4757-84F2-2E39DCF4E8AA}"
EndProject
Global
	GlobalSection(SolutionConfigurationPlatforms) = preSolution
		Debug|Any CPU = Debug|Any CPU
		Release|Any CPU = Release|Any CPU
	EndGlobalSection
	GlobalSection(ProjectConfigurationPlatforms) = postSolution
		{AF090C6F-F42F-4757-84F2-2E39DCF4E8AA}.Debug|Any CPU.ActiveCfg = Debug|Any CPU
		{AF090C6F-F42F-4757-84F2-2E39DCF4E8AA}.Debug|Any CPU.Build.0 = Debug|Any CPU
		{AF090C6F-F42F-4757-84F2-2E39DCF4E8AA}.Release|Any CPU.ActiveCfg = Release|Any CPU
		{AF090C6F-F42F-4757-84F2-2E39DCF4E8AA}.Release|Any CPU.Build.0 = Release|Any CPU
	EndGlobalSection
	GlobalSection(SolutionProperties) = preSolution
		HideSolutionNode = FALSE
	EndGlobalSection
	GlobalSection(ExtensibilityGlobals) = postSolution
		SolutionGuid = {BB9A2148-1C75-49BB-8A73-B6C8D92E3B5D}
	EndGlobalSection
EndGlobal
